<?xml version="1.0" encoding="utf-8"?>
<Project ToolsVersion="4.0" xmlns="http://schemas.microsoft.com/developer/msbuild/2003">
  <ItemGroup>
    <Filter Include="소스 파일">
      <UniqueIdentifier>{4FC737F1-C7A5-4376-A066-2A32D752A2FF}</UniqueIdentifier>
      <Extensions>cpp;c;cc;cxx;def;odl;idl;hpj;bat;asm;asmx</Extensions>
    </Filter>
    <Filter Include="헤더 파일">
      <UniqueIdentifier>{93995380-89BD-4b04-88EB-625FBE52EBFB}</UniqueIdentifier>
      <Extensions>h;hh;hpp;hxx;hm;inl;inc;xsd</Extensions>
    </Filter>
    <Filter Include="리소스 파일">
      <UniqueIdentifier>{67DA6AB6-F800-4c08-8B7A-83BB121AAD01}</UniqueIdentifier>
      <Extensions>rc;ico;cur;bmp;dlg;rc2;rct;bin;rgs;gif;jpg;jpeg;jpe;resx;tiff;tif;png;wav;mfcribbon-ms</Extensions>
    </Filter>
    <Filter Include="Framework">
      <UniqueIdentifier>{a8bb072d-3f46-4005-a44c-902acdb1d67a}</UniqueIdentifier>
    </Filter>
    <Filter Include="Shader">
      <UniqueIdentifier>{36097aa1-cbbb-4560-bbef-5c5159ac1ed0}</UniqueIdentifier>
    </Filter>
    <Filter Include="Object">
      <UniqueIdentifier>{8476f903-71b7-436d-aa48-3116ae295182}</UniqueIdentifier>
    </Filter>
    <Filter Include="Scene">
      <UniqueIdentifier>{d7ef5b99-5862-4629-b0d5-285bcce665bf}</UniqueIdentifier>
    </Filter>
    <Filter Include="Camera">
      <UniqueIdentifier>{38e818f9-a698-4627-ac9a-d224e0a5e00b}</UniqueIdentifier>
    </Filter>
    <Filter Include="Mesh">
      <UniqueIdentifier>{257c3ded-62b6-4322-8210-b7f3ba7abc33}</UniqueIdentifier>
    </Filter>
    <Filter Include="Timer">
      <UniqueIdentifier>{6d2c437f-4aed-4afa-a8a8-cc052b7a92a9}</UniqueIdentifier>
    </Filter>
    <Filter Include="DDSTextureLoader">
      <UniqueIdentifier>{be67a045-240c-4550-9fd3-6deacf6f9d12}</UniqueIdentifier>
    </Filter>
    <Filter Include="Shader\GroundShader">
      <UniqueIdentifier>{6277a1df-828f-4884-b21e-b6667b11d849}</UniqueIdentifier>
    </Filter>
    <Filter Include="Shader\LoadingShader">
      <UniqueIdentifier>{15870f66-97b1-4919-b0f4-9d8cd63cc2d8}</UniqueIdentifier>
    </Filter>
    <Filter Include="Mesh\AdvencedMesh">
      <UniqueIdentifier>{dd32ba4e-53ba-447c-9082-ce45e353e1b2}</UniqueIdentifier>
    </Filter>
    <Filter Include="Skill">
      <UniqueIdentifier>{1ab3c91b-9999-4d66-8e00-3e76a9f949c8}</UniqueIdentifier>
    </Filter>
    <Filter Include="FBXLoader">
      <UniqueIdentifier>{9eda4dc8-786b-4d30-8342-7544126f7167}</UniqueIdentifier>
    </Filter>
    <Filter Include="ServerReference">
      <UniqueIdentifier>{4f55323e-79ca-471c-b235-b541b8ab0727}</UniqueIdentifier>
    </Filter>
    <Filter Include="Object\UI">
      <UniqueIdentifier>{39dc2fdd-5305-4458-87f4-c38c405f4836}</UniqueIdentifier>
    </Filter>
    <Filter Include="Object\GameObject">
      <UniqueIdentifier>{1fa730b3-dc83-4179-9574-c1837c9fd827}</UniqueIdentifier>
    </Filter>
    <Filter Include="Object\GameObject\Character">
      <UniqueIdentifier>{3b9433a7-3a43-4780-9eca-805b5d1cf5d1}</UniqueIdentifier>
    </Filter>
    <Filter Include="Object\GameObject\Bullet">
      <UniqueIdentifier>{39858e6f-6a04-4feb-890c-0b941328cba9}</UniqueIdentifier>
    </Filter>
    <Filter Include="Object\GameObject\SkillObject">
      <UniqueIdentifier>{e51b61e3-0d4e-4025-8e65-37f5851e9ce0}</UniqueIdentifier>
    </Filter>
    <Filter Include="Object\GameObject\SkillProjectile">
      <UniqueIdentifier>{cc767266-97cd-42f2-8f27-de1e216d1189}</UniqueIdentifier>
    </Filter>
    <Filter Include="Object\UI\CharacterInfoUI">
      <UniqueIdentifier>{0b608131-48dc-4e7d-b864-ca81ff3f5e58}</UniqueIdentifier>
    </Filter>
    <Filter Include="Object\UI\JudgeUI">
      <UniqueIdentifier>{9dca25b4-8bed-4149-aec8-2b36cb691986}</UniqueIdentifier>
    </Filter>
  </ItemGroup>
  <ItemGroup>
    <ClInclude Include="stdafx.h">
      <Filter>헤더 파일</Filter>
    </ClInclude>
    <ClInclude Include="targetver.h">
      <Filter>헤더 파일</Filter>
    </ClInclude>
    <ClInclude Include="resource.h">
      <Filter>헤더 파일</Filter>
    </ClInclude>
    <ClInclude Include="Morphosis.h">
      <Filter>헤더 파일</Filter>
    </ClInclude>
    <ClInclude Include="Framework.h">
      <Filter>Framework</Filter>
    </ClInclude>
    <ClInclude Include="Scene.h">
      <Filter>Scene</Filter>
    </ClInclude>
    <ClInclude Include="Shader.h">
      <Filter>Shader</Filter>
    </ClInclude>
    <ClInclude Include="Object.h">
      <Filter>Object</Filter>
    </ClInclude>
    <ClInclude Include="Camera.h">
      <Filter>Camera</Filter>
    </ClInclude>
    <ClInclude Include="Mesh.h">
      <Filter>Mesh</Filter>
    </ClInclude>
    <ClInclude Include="Timer.h">
      <Filter>Timer</Filter>
    </ClInclude>
    <ClInclude Include="DDSTextureLoader12.h">
      <Filter>DDSTextureLoader</Filter>
    </ClInclude>
    <ClInclude Include="GroundShader.h">
      <Filter>Shader\GroundShader</Filter>
    </ClInclude>
    <ClInclude Include="LoadingShader.h">
      <Filter>Shader\LoadingShader</Filter>
    </ClInclude>
    <ClInclude Include="AdvencedMesh.h">
      <Filter>Mesh\AdvencedMesh</Filter>
    </ClInclude>
    <ClInclude Include="Skill.h">
      <Filter>Skill</Filter>
    </ClInclude>
    <ClInclude Include="ConverterNameSpace.h">
      <Filter>FBXLoader</Filter>
    </ClInclude>
    <ClInclude Include="FBXDataManager.h">
      <Filter>FBXLoader</Filter>
    </ClInclude>
    <ClInclude Include="Character.h">
      <Filter>Object\GameObject\Character</Filter>
    </ClInclude>
    <ClInclude Include="Bullet.h">
      <Filter>Object\GameObject\Bullet</Filter>
    </ClInclude>
    <ClInclude Include="SkillProjectile.h">
      <Filter>Object\GameObject\SkillProjectile</Filter>
    </ClInclude>
    <ClInclude Include="SkillObject.h">
      <Filter>Object\GameObject\SkillObject</Filter>
    </ClInclude>
    <ClInclude Include="protocol.h">
      <Filter>헤더 파일</Filter>
    </ClInclude>
    <ClInclude Include="CYH\CBullet.h">
      <Filter>ServerReference</Filter>
    </ClInclude>
    <ClInclude Include="CYH\CSkillJudge.h">
      <Filter>ServerReference</Filter>
    </ClInclude>
    <ClInclude Include="CYH\CSkillEffect.h">
      <Filter>ServerReference</Filter>
    </ClInclude>
    <ClInclude Include="CYH\CSkill.h">
      <Filter>ServerReference</Filter>
    </ClInclude>
    <ClInclude Include="CYH\CGameObject.h">
      <Filter>ServerReference</Filter>
    </ClInclude>
    <ClInclude Include="UIObject.h">
      <Filter>Object\UI</Filter>
    </ClInclude>
  </ItemGroup>
  <ItemGroup>
    <ClCompile Include="stdafx.cpp">
      <Filter>소스 파일</Filter>
    </ClCompile>
    <ClCompile Include="Morphosis.cpp">
      <Filter>소스 파일</Filter>
    </ClCompile>
    <ClCompile Include="Framework.cpp">
      <Filter>Framework</Filter>
    </ClCompile>
    <ClCompile Include="Scene.cpp">
      <Filter>Scene</Filter>
    </ClCompile>
    <ClCompile Include="Shader.cpp">
      <Filter>Shader</Filter>
    </ClCompile>
    <ClCompile Include="Object.cpp">
      <Filter>Object</Filter>
    </ClCompile>
    <ClCompile Include="Camera.cpp">
      <Filter>Camera</Filter>
    </ClCompile>
    <ClCompile Include="Mesh.cpp">
      <Filter>Mesh</Filter>
    </ClCompile>
    <ClCompile Include="Timer.cpp">
      <Filter>Timer</Filter>
    </ClCompile>
    <ClCompile Include="DDSTextureLoader12.cpp">
      <Filter>DDSTextureLoader</Filter>
    </ClCompile>
    <ClCompile Include="GroundShader.cpp">
      <Filter>Shader\GroundShader</Filter>
    </ClCompile>
    <ClCompile Include="LoadingShader.cpp">
      <Filter>Shader\LoadingShader</Filter>
    </ClCompile>
    <ClCompile Include="AdvencedMesh.cpp">
      <Filter>Mesh\AdvencedMesh</Filter>
    </ClCompile>
    <ClCompile Include="Skill.cpp">
      <Filter>Skill</Filter>
    </ClCompile>
    <ClCompile Include="FBXDataManager.cpp">
      <Filter>FBXLoader</Filter>
    </ClCompile>
    <ClCompile Include="Character.cpp">
      <Filter>Object\GameObject\Character</Filter>
    </ClCompile>
    <ClCompile Include="Bullet.cpp">
      <Filter>Object\GameObject\Bullet</Filter>
    </ClCompile>
    <ClCompile Include="SkillProjectile.cpp">
      <Filter>Object\GameObject\SkillProjectile</Filter>
    </ClCompile>
    <ClCompile Include="SkillObject.cpp">
      <Filter>Object\GameObject\SkillObject</Filter>
    </ClCompile>
    <ClCompile Include="CYH\CBullet.cpp">
      <Filter>ServerReference</Filter>
    </ClCompile>
    <ClCompile Include="CYH\CGameObject.cpp">
      <Filter>ServerReference</Filter>
    </ClCompile>
    <ClCompile Include="CYH\CSkill.cpp">
      <Filter>ServerReference</Filter>
    </ClCompile>
    <ClCompile Include="CYH\CSkillEffect.cpp">
      <Filter>ServerReference</Filter>
    </ClCompile>
    <ClCompile Include="CYH\CSkillJudge.cpp">
      <Filter>ServerReference</Filter>
    </ClCompile>
    <ClCompile Include="UIObject.cpp">
      <Filter>Object\UI</Filter>
    </ClCompile>
  </ItemGroup>
  <ItemGroup>
    <ResourceCompile Include="Morphosis.rc">
      <Filter>리소스 파일</Filter>
    </ResourceCompile>
  </ItemGroup>
  <ItemGroup>
    <Image Include="small.ico">
      <Filter>리소스 파일</Filter>
    </Image>
    <Image Include="Morphosis.ico">
      <Filter>리소스 파일</Filter>
    </Image>
  </ItemGroup>
  <ItemGroup>
    <FxCompile Include="Light.hlsl" />
  </ItemGroup>
  <ItemGroup>
    <None Include="Shaders.hlsl" />
    <None Include="Assets\Fonts\font.spritefont" />
    <None Include="packages.config" />
  </ItemGroup>
</Project>