
Microsoft Visual Studio Solution File, Format Version 12.00
# Visual Studio 15
VisualStudioVersion = 15.0.27004.2006
MinimumVisualStudioVersion = 10.0.40219.1
Project("{8BC9CEB8-8B4A-11D0-8D11-00A0C91BC942}") = "Server_morphosis", "Server_morphosis\Server_morphosis.vcxproj", "{E9EE16F2-19BF-4AA1-8E42-59E426FF2472}"
EndProject
Global
	GlobalSection(SolutionConfigurationPlatforms) = preSolution
		Debug|x64 = Debug|x64
		Debug|x86 = Debug|x86
		Release|x64 = Release|x64
		Release|x86 = Release|x86
	EndGlobalSection
	GlobalSection(ProjectConfigurationPlatforms) = postSolution
		{E9EE16F2-19BF-4AA1-8E42-59E426FF2472}.Debug|x64.ActiveCfg = Debug|x64
		{E9EE16F2-19BF-4AA1-8E42-59E426FF2472}.Debug|x64.Build.0 = Debug|x64
		{E9EE16F2-19BF-4AA1-8E42-59E426FF2472}.Debug|x86.ActiveCfg = Debug|Win32
		{E9EE16F2-19BF-4AA1-8E42-59E426FF2472}.Debug|x86.Build.0 = Debug|Win32
		{E9EE16F2-19BF-4AA1-8E42-59E426FF2472}.Release|x64.ActiveCfg = Release|x64
		{E9EE16F2-19BF-4AA1-8E42-59E426FF2472}.Release|x64.Build.0 = Release|x64
		{E9EE16F2-19BF-4AA1-8E42-59E426FF2472}.Release|x86.ActiveCfg = Release|Win32
		{E9EE16F2-19BF-4AA1-8E42-59E426FF2472}.Release|x86.Build.0 = Release|Win32
	EndGlobalSection
	GlobalSection(SolutionProperties) = preSolution
		HideSolutionNode = FALSE
	EndGlobalSection
	GlobalSection(ExtensibilityGlobals) = postSolution
		SolutionGuid = {5D5ADF0F-948A-4BAD-B1A8-4296C5B00918}
	EndGlobalSection
EndGlobal
